
Microsoft Visual Studio Solution File, Format Version 12.00
# Visual Studio Version 16
VisualStudioVersion = 16.0.29201.188
MinimumVisualStudioVersion = 10.0.40219.1
Project("{FAE04EC0-301F-11D3-BF4B-00C04F79EFBC}") = "HomeworkDay4", "HomeworkDay4.csproj", "{D9A1D26C-610C-40D6-90FB-2FCC14D61274}"
EndProject
Global
	GlobalSection(SolutionConfigurationPlatforms) = preSolution
		Debug|Any CPU = Debug|Any CPU
		Release|Any CPU = Release|Any CPU
	EndGlobalSection
	GlobalSection(ProjectConfigurationPlatforms) = postSolution
		{D9A1D26C-610C-40D6-90FB-2FCC14D61274}.Debug|Any CPU.ActiveCfg = Debug|Any CPU
		{D9A1D26C-610C-40D6-90FB-2FCC14D61274}.Debug|Any CPU.Build.0 = Debug|Any CPU
		{D9A1D26C-610C-40D6-90FB-2FCC14D61274}.Release|Any CPU.ActiveCfg = Release|Any CPU
		{D9A1D26C-610C-40D6-90FB-2FCC14D61274}.Release|Any CPU.Build.0 = Release|Any CPU
	EndGlobalSection
	GlobalSection(SolutionProperties) = preSolution
		HideSolutionNode = FALSE
	EndGlobalSection
	GlobalSection(ExtensibilityGlobals) = postSolution
		SolutionGuid = {1A86E53A-3FF5-4726-B727-F1967F8687A8}
	EndGlobalSection
EndGlobal
